// !$*UTF8*$!
{
	archiveVersion = 1;
	classes = {
	};
	objectVersion = 50;
	objects = {

/* Begin PBXBuildFile section */
		2391DF1C23BB061E00E50E3F /* AppDelegate.swift in Sources */ = {isa = PBXBuildFile; fileRef = 2391DF1B23BB061E00E50E3F /* AppDelegate.swift */; };
		2391DF1E23BB061E00E50E3F /* SceneDelegate.swift in Sources */ = {isa = PBXBuildFile; fileRef = 2391DF1D23BB061E00E50E3F /* SceneDelegate.swift */; };
		2391DF2023BB061E00E50E3F /* ViewController.swift in Sources */ = {isa = PBXBuildFile; fileRef = 2391DF1F23BB061E00E50E3F /* ViewController.swift */; };
		2391DF2323BB061E00E50E3F /* Main.storyboard in Resources */ = {isa = PBXBuildFile; fileRef = 2391DF2123BB061E00E50E3F /* Main.storyboard */; };
		2391DF2523BB061E00E50E3F /* Assets.xcassets in Resources */ = {isa = PBXBuildFile; fileRef = 2391DF2423BB061E00E50E3F /* Assets.xcassets */; };
		2391DF2823BB061E00E50E3F /* LaunchScreen.storyboard in Resources */ = {isa = PBXBuildFile; fileRef = 2391DF2623BB061E00E50E3F /* LaunchScreen.storyboard */; };
		2391DF3323BB061F00E50E3F /* Assignment1Tests.swift in Sources */ = {isa = PBXBuildFile; fileRef = 2391DF3223BB061F00E50E3F /* Assignment1Tests.swift */; };
		2391DF3E23BB061F00E50E3F /* Assignment1UITests.swift in Sources */ = {isa = PBXBuildFile; fileRef = 2391DF3D23BB061F00E50E3F /* Assignment1UITests.swift */; };
/* End PBXBuildFile section */

/* Begin PBXContainerItemProxy section */
		2391DF2F23BB061F00E50E3F /* PBXContainerItemProxy */ = {
			isa = PBXContainerItemProxy;
			containerPortal = 2391DF1023BB061E00E50E3F /* Project object */;
			proxyType = 1;
			remoteGlobalIDString = 2391DF1723BB061E00E50E3F;
			remoteInfo = Assignment1;
		};
		2391DF3A23BB061F00E50E3F /* PBXContainerItemProxy */ = {
			isa = PBXContainerItemProxy;
			containerPortal = 2391DF1023BB061E00E50E3F /* Project object */;
			proxyType = 1;
			remoteGlobalIDString = 2391DF1723BB061E00E50E3F;
			remoteInfo = Assignment1;
		};
/* End PBXContainerItemProxy section */

/* Begin PBXFileReference section */
		2391DF1823BB061E00E50E3F /* Assignment1.app */ = {isa = PBXFileReference; explicitFileType = wrapper.application; includeInIndex = 0; path = Assignment1.app; sourceTree = BUILT_PRODUCTS_DIR; };
		2391DF1B23BB061E00E50E3F /* AppDelegate.swift */ = {isa = PBXFileReference; lastKnownFileType = sourcecode.swift; path = AppDelegate.swift; sourceTree = "<group>"; };
		2391DF1D23BB061E00E50E3F /* SceneDelegate.swift */ = {isa = PBXFileReference; lastKnownFileType = sourcecode.swift; path = SceneDelegate.swift; sourceTree = "<group>"; };
		2391DF1F23BB061E00E50E3F /* ViewController.swift */ = {isa = PBXFileReference; lastKnownFileType = sourcecode.swift; path = ViewController.swift; sourceTree = "<group>"; };
		2391DF2223BB061E00E50E3F /* Base */ = {isa = PBXFileReference; lastKnownFileType = file.storyboard; name = Base; path = Base.lproj/Main.storyboard; sourceTree = "<group>"; };
		2391DF2423BB061E00E50E3F /* Assets.xcassets */ = {isa = PBXFileReference; lastKnownFileType = folder.assetcatalog; path = Assets.xcassets; sourceTree = "<group>"; };
		2391DF2723BB061E00E50E3F /* Base */ = {isa = PBXFileReference; lastKnownFileType = file.storyboard; name = Base; path = Base.lproj/LaunchScreen.storyboard; sourceTree = "<group>"; };
		2391DF2923BB061E00E50E3F /* Info.plist */ = {isa = PBXFileReference; lastKnownFileType = text.plist.xml; path = Info.plist; sourceTree = "<group>"; };
		2391DF2E23BB061F00E50E3F /* Assignment1Tests.xctest */ = {isa = PBXFileReference; explicitFileType = wrapper.cfbundle; includeInIndex = 0; path = Assignment1Tests.xctest; sourceTree = BUILT_PRODUCTS_DIR; };
		2391DF3223BB061F00E50E3F /* Assignment1Tests.swift */ = {isa = PBXFileReference; lastKnownFileType = sourcecode.swift; path = Assignment1Tests.swift; sourceTree = "<group>"; };
		2391DF3423BB061F00E50E3F /* Info.plist */ = {isa = PBXFileReference; lastKnownFileType = text.plist.xml; path = Info.plist; sourceTree = "<group>"; };
		2391DF3923BB061F00E50E3F /* Assignment1UITests.xctest */ = {isa = PBXFileReference; explicitFileType = wrapper.cfbundle; includeInIndex = 0; path = Assignment1UITests.xctest; sourceTree = BUILT_PRODUCTS_DIR; };
		2391DF3D23BB061F00E50E3F /* Assignment1UITests.swift */ = {isa = PBXFileReference; lastKnownFileType = sourcecode.swift; path = Assignment1UITests.swift; sourceTree = "<group>"; };
		2391DF3F23BB061F00E50E3F /* Info.plist */ = {isa = PBXFileReference; lastKnownFileType = text.plist.xml; path = Info.plist; sourceTree = "<group>"; };
/* End PBXFileReference section */

/* Begin PBXFrameworksBuildPhase section */
		2391DF1523BB061E00E50E3F /* Frameworks */ = {
			isa = PBXFrameworksBuildPhase;
			buildActionMask = 2147483647;
			files = (
			);
			runOnlyForDeploymentPostprocessing = 0;
		};
		2391DF2B23BB061F00E50E3F /* Frameworks */ = {
			isa = PBXFrameworksBuildPhase;
			buildActionMask = 2147483647;
			files = (
			);
			runOnlyForDeploymentPostprocessing = 0;
		};
		2391DF3623BB061F00E50E3F /* Frameworks */ = {
			isa = PBXFrameworksBuildPhase;
			buildActionMask = 2147483647;
			files = (
			);
			runOnlyForDeploymentPostprocessing = 0;
		};
/* End PBXFrameworksBuildPhase section */

/* Begin PBXGroup section */
		2391DF0F23BB061E00E50E3F = {
			isa = PBXGroup;
			children = (
				2391DF1A23BB061E00E50E3F /* Assignment1 */,
				2391DF3123BB061F00E50E3F /* Assignment1Tests */,
				2391DF3C23BB061F00E50E3F /* Assignment1UITests */,
				2391DF1923BB061E00E50E3F /* Products */,
			);
			sourceTree = "<group>";
		};
		2391DF1923BB061E00E50E3F /* Products */ = {
			isa = PBXGroup;
			children = (
				2391DF1823BB061E00E50E3F /* Assignment1.app */,
				2391DF2E23BB061F00E50E3F /* Assignment1Tests.xctest */,
				2391DF3923BB061F00E50E3F /* Assignment1UITests.xctest */,
			);
			name = Products;
			sourceTree = "<group>";
		};
		2391DF1A23BB061E00E50E3F /* Assignment1 */ = {
			isa = PBXGroup;
			children = (
				2391DF1B23BB061E00E50E3F /* AppDelegate.swift */,
				2391DF1D23BB061E00E50E3F /* SceneDelegate.swift */,
				2391DF1F23BB061E00E50E3F /* ViewController.swift */,
				2391DF2123BB061E00E50E3F /* Main.storyboard */,
				2391DF2423BB061E00E50E3F /* Assets.xcassets */,
				2391DF2623BB061E00E50E3F /* LaunchScreen.storyboard */,
				2391DF2923BB061E00E50E3F /* Info.plist */,
			);
			path = Assignment1;
			sourceTree = "<group>";
		};
		2391DF3123BB061F00E50E3F /* Assignment1Tests */ = {
			isa = PBXGroup;
			children = (
				2391DF3223BB061F00E50E3F /* Assignment1Tests.swift */,
				2391DF3423BB061F00E50E3F /* Info.plist */,
			);
			path = Assignment1Tests;
			sourceTree = "<group>";
		};
		2391DF3C23BB061F00E50E3F /* Assignment1UITests */ = {
			isa = PBXGroup;
			children = (
				2391DF3D23BB061F00E50E3F /* Assignment1UITests.swift */,
				2391DF3F23BB061F00E50E3F /* Info.plist */,
			);
			path = Assignment1UITests;
			sourceTree = "<group>";
		};
/* End PBXGroup section */

/* Begin PBXNativeTarget section */
		2391DF1723BB061E00E50E3F /* Assignment1 */ = {
			isa = PBXNativeTarget;
			buildConfigurationList = 2391DF4223BB061F00E50E3F /* Build configuration list for PBXNativeTarget "Assignment1" */;
			buildPhases = (
				2391DF1423BB061E00E50E3F /* Sources */,
				2391DF1523BB061E00E50E3F /* Frameworks */,
				2391DF1623BB061E00E50E3F /* Resources */,
			);
			buildRules = (
			);
			dependencies = (
			);
			name = Assignment1;
			productName = Assignment1;
			productReference = 2391DF1823BB061E00E50E3F /* Assignment1.app */;
			productType = "com.apple.product-type.application";
		};
		2391DF2D23BB061F00E50E3F /* Assignment1Tests */ = {
			isa = PBXNativeTarget;
			buildConfigurationList = 2391DF4523BB061F00E50E3F /* Build configuration list for PBXNativeTarget "Assignment1Tests" */;
			buildPhases = (
				2391DF2A23BB061F00E50E3F /* Sources */,
				2391DF2B23BB061F00E50E3F /* Frameworks */,
				2391DF2C23BB061F00E50E3F /* Resources */,
			);
			buildRules = (
			);
			dependencies = (
				2391DF3023BB061F00E50E3F /* PBXTargetDependency */,
			);
			name = Assignment1Tests;
			productName = Assignment1Tests;
			productReference = 2391DF2E23BB061F00E50E3F /* Assignment1Tests.xctest */;
			productType = "com.apple.product-type.bundle.unit-test";
		};
		2391DF3823BB061F00E50E3F /* Assignment1UITests */ = {
			isa = PBXNativeTarget;
			buildConfigurationList = 2391DF4823BB061F00E50E3F /* Build configuration list for PBXNativeTarget "Assignment1UITests" */;
			buildPhases = (
				2391DF3523BB061F00E50E3F /* Sources */,
				2391DF3623BB061F00E50E3F /* Frameworks */,
				2391DF3723BB061F00E50E3F /* Resources */,
			);
			buildRules = (
			);
			dependencies = (
				2391DF3B23BB061F00E50E3F /* PBXTargetDependency */,
			);
			name = Assignment1UITests;
			productName = Assignment1UITests;
			productReference = 2391DF3923BB061F00E50E3F /* Assignment1UITests.xctest */;
			productType = "com.apple.product-type.bundle.ui-testing";
		};
/* End PBXNativeTarget section */

/* Begin PBXProject section */
		2391DF1023BB061E00E50E3F /* Project object */ = {
			isa = PBXProject;
			attributes = {
				LastSwiftUpdateCheck = 1120;
				LastUpgradeCheck = 1120;
				ORGANIZATIONNAME = "Shunyang Dong";
				TargetAttributes = {
					2391DF1723BB061E00E50E3F = {
						CreatedOnToolsVersion = 11.2.1;
					};
					2391DF2D23BB061F00E50E3F = {
						CreatedOnToolsVersion = 11.2.1;
						TestTargetID = 2391DF1723BB061E00E50E3F;
					};
					2391DF3823BB061F00E50E3F = {
						CreatedOnToolsVersion = 11.2.1;
						TestTargetID = 2391DF1723BB061E00E50E3F;
					};
				};
			};
			buildConfigurationList = 2391DF1323BB061E00E50E3F /* Build configuration list for PBXProject "Assignment1" */;
			compatibilityVersion = "Xcode 9.3";
			developmentRegion = en;
			hasScannedForEncodings = 0;
			knownRegions = (
				en,
				Base,
			);
			mainGroup = 2391DF0F23BB061E00E50E3F;
			productRefGroup = 2391DF1923BB061E00E50E3F /* Products */;
			projectDirPath = "";
			projectRoot = "";
			targets = (
				2391DF1723BB061E00E50E3F /* Assignment1 */,
				2391DF2D23BB061F00E50E3F /* Assignment1Tests */,
				2391DF3823BB061F00E50E3F /* Assignment1UITests */,
			);
		};
/* End PBXProject section */

/* Begin PBXResourcesBuildPhase section */
		2391DF1623BB061E00E50E3F /* Resources */ = {
			isa = PBXResourcesBuildPhase;
			buildActionMask = 2147483647;
			files = (
				2391DF2823BB061E00E50E3F /* LaunchScreen.storyboard in Resources */,
				2391DF2523BB061E00E50E3F /* Assets.xcassets in Resources */,
				2391DF2323BB061E00E50E3F /* Main.storyboard in Resources */,
			);
			runOnlyForDeploymentPostprocessing = 0;
		};
		2391DF2C23BB061F00E50E3F /* Resources */ = {
			isa = PBXResourcesBuildPhase;
			buildActionMask = 2147483647;
			files = (
			);
			runOnlyForDeploymentPostprocessing = 0;
		};
		2391DF3723BB061F00E50E3F /* Resources */ = {
			isa = PBXResourcesBuildPhase;
			buildActionMask = 2147483647;
			files = (
			);
			runOnlyForDeploymentPostprocessing = 0;
		};
/* End PBXResourcesBuildPhase section */

/* Begin PBXSourcesBuildPhase section */
		2391DF1423BB061E00E50E3F /* Sources */ = {
			isa = PBXSourcesBuildPhase;
			buildActionMask = 2147483647;
			files = (
				2391DF2023BB061E00E50E3F /* ViewController.swift in Sources */,
				2391DF1C23BB061E00E50E3F /* AppDelegate.swift in Sources */,
				2391DF1E23BB061E00E50E3F /* SceneDelegate.swift in Sources */,
			);
			runOnlyForDeploymentPostprocessing = 0;
		};
		2391DF2A23BB061F00E50E3F /* Sources */ = {
			isa = PBXSourcesBuildPhase;
			buildActionMask = 2147483647;
			files = (
				2391DF3323BB061F00E50E3F /* Assignment1Tests.swift in Sources */,
			);
			runOnlyForDeploymentPostprocessing = 0;
		};
		2391DF3523BB061F00E50E3F /* Sources */ = {
			isa = PBXSourcesBuildPhase;
			buildActionMask = 2147483647;
			files = (
				2391DF3E23BB061F00E50E3F /* Assignment1UITests.swift in Sources */,
			);
			runOnlyForDeploymentPostprocessing = 0;
		};
/* End PBXSourcesBuildPhase section */

/* Begin PBXTargetDependency section */
		2391DF3023BB061F00E50E3F /* PBXTargetDependency */ = {
			isa = PBXTargetDependency;
			target = 2391DF1723BB061E00E50E3F /* Assignment1 */;
			targetProxy = 2391DF2F23BB061F00E50E3F /* PBXContainerItemProxy */;
		};
		2391DF3B23BB061F00E50E3F /* PBXTargetDependency */ = {
			isa = PBXTargetDependency;
			target = 2391DF1723BB061E00E50E3F /* Assignment1 */;
			targetProxy = 2391DF3A23BB061F00E50E3F /* PBXContainerItemProxy */;
		};
/* End PBXTargetDependency section */

/* Begin PBXVariantGroup section */
		2391DF2123BB061E00E50E3F /* Main.storyboard */ = {
			isa = PBXVariantGroup;
			children = (
				2391DF2223BB061E00E50E3F /* Base */,
			);
			name = Main.storyboard;
			sourceTree = "<group>";
		};
		2391DF2623BB061E00E50E3F /* LaunchScreen.storyboard */ = {
			isa = PBXVariantGroup;
			children = (
				2391DF2723BB061E00E50E3F /* Base */,
			);
			name = LaunchScreen.storyboard;
			sourceTree = "<group>";
		};
/* End PBXVariantGroup section */

/* Begin XCBuildConfiguration section */
		2391DF4023BB061F00E50E3F /* Debug */ = {
			isa = XCBuildConfiguration;
			buildSettings = {
				ALWAYS_SEARCH_USER_PATHS = NO;
				CLANG_ANALYZER_NONNULL = YES;
				CLANG_ANALYZER_NUMBER_OBJECT_CONVERSION = YES_AGGRESSIVE;
				CLANG_CXX_LANGUAGE_STANDARD = "gnu++14";
				CLANG_CXX_LIBRARY = "libc++";
				CLANG_ENABLE_MODULES = YES;
				CLANG_ENABLE_OBJC_ARC = YES;
				CLANG_ENABLE_OBJC_WEAK = YES;
				CLANG_WARN_BLOCK_CAPTURE_AUTORELEASING = YES;
				CLANG_WARN_BOOL_CONVERSION = YES;
				CLANG_WARN_COMMA = YES;
				CLANG_WARN_CONSTANT_CONVERSION = YES;
				CLANG_WARN_DEPRECATED_OBJC_IMPLEMENTATIONS = YES;
				CLANG_WARN_DIRECT_OBJC_ISA_USAGE = YES_ERROR;
				CLANG_WARN_DOCUMENTATION_COMMENTS = YES;
				CLANG_WARN_EMPTY_BODY = YES;
				CLANG_WARN_ENUM_CONVERSION = YES;
				CLANG_WARN_INFINITE_RECURSION = YES;
				CLANG_WARN_INT_CONVERSION = YES;
				CLANG_WARN_NON_LITERAL_NULL_CONVERSION = YES;
				CLANG_WARN_OBJC_IMPLICIT_RETAIN_SELF = YES;
				CLANG_WARN_OBJC_LITERAL_CONVERSION = YES;
				CLANG_WARN_OBJC_ROOT_CLASS = YES_ERROR;
				CLANG_WARN_RANGE_LOOP_ANALYSIS = YES;
				CLANG_WARN_STRICT_PROTOTYPES = YES;
				CLANG_WARN_SUSPICIOUS_MOVE = YES;
				CLANG_WARN_UNGUARDED_AVAILABILITY = YES_AGGRESSIVE;
				CLANG_WARN_UNREACHABLE_CODE = YES;
				CLANG_WARN__DUPLICATE_METHOD_MATCH = YES;
				COPY_PHASE_STRIP = NO;
				DEBUG_INFORMATION_FORMAT = dwarf;
				ENABLE_STRICT_OBJC_MSGSEND = YES;
				ENABLE_TESTABILITY = YES;
				GCC_C_LANGUAGE_STANDARD = gnu11;
				GCC_DYNAMIC_NO_PIC = NO;
				GCC_NO_COMMON_BLOCKS = YES;
				GCC_OPTIMIZATION_LEVEL = 0;
				GCC_PREPROCESSOR_DEFINITIONS = (
					"DEBUG=1",
					"$(inherited)",
				);
				GCC_WARN_64_TO_32_BIT_CONVERSION = YES;
				GCC_WARN_ABOUT_RETURN_TYPE = YES_ERROR;
				GCC_WARN_UNDECLARED_SELECTOR = YES;
				GCC_WARN_UNINITIALIZED_AUTOS = YES_AGGRESSIVE;
				GCC_WARN_UNUSED_FUNCTION = YES;
				GCC_WARN_UNUSED_VARIABLE = YES;
				IPHONEOS_DEPLOYMENT_TARGET = 13.2;
				MTL_ENABLE_DEBUG_INFO = INCLUDE_SOURCE;
				MTL_FAST_MATH = YES;
				ONLY_ACTIVE_ARCH = YES;
				SDKROOT = iphoneos;
				SWIFT_ACTIVE_COMPILATION_CONDITIONS = DEBUG;
				SWIFT_OPTIMIZATION_LEVEL = "-Onone";
			};
			name = Debug;
		};
		2391DF4123BB061F00E50E3F /* Release */ = {
			isa = XCBuildConfiguration;
			buildSettings = {
				ALWAYS_SEARCH_USER_PATHS = NO;
				CLANG_ANALYZER_NONNULL = YES;
				CLANG_ANALYZER_NUMBER_OBJECT_CONVERSION = YES_AGGRESSIVE;
				CLANG_CXX_LANGUAGE_STANDARD = "gnu++14";
				CLANG_CXX_LIBRARY = "libc++";
				CLANG_ENABLE_MODULES = YES;
				CLANG_ENABLE_OBJC_ARC = YES;
				CLANG_ENABLE_OBJC_WEAK = YES;
				CLANG_WARN_BLOCK_CAPTURE_AUTORELEASING = YES;
				CLANG_WARN_BOOL_CONVERSION = YES;
				CLANG_WARN_COMMA = YES;
				CLANG_WARN_CONSTANT_CONVERSION = YES;
				CLANG_WARN_DEPRECATED_OBJC_IMPLEMENTATIONS = YES;
				CLANG_WARN_DIRECT_OBJC_ISA_USAGE = YES_ERROR;
				CLANG_WARN_DOCUMENTATION_COMMENTS = YES;
				CLANG_WARN_EMPTY_BODY = YES;
				CLANG_WARN_ENUM_CONVERSION = YES;
				CLANG_WARN_INFINITE_RECURSION = YES;
				CLANG_WARN_INT_CONVERSION = YES;
				CLANG_WARN_NON_LITERAL_NULL_CONVERSION = YES;
				CLANG_WARN_OBJC_IMPLICIT_RETAIN_SELF = YES;
				CLANG_WARN_OBJC_LITERAL_CONVERSION = YES;
				CLANG_WARN_OBJC_ROOT_CLASS = YES_ERROR;
				CLANG_WARN_RANGE_LOOP_ANALYSIS = YES;
				CLANG_WARN_STRICT_PROTOTYPES = YES;
				CLANG_WARN_SUSPICIOUS_MOVE = YES;
				CLANG_WARN_UNGUARDED_AVAILABILITY = YES_AGGRESSIVE;
				CLANG_WARN_UNREACHABLE_CODE = YES;
				CLANG_WARN__DUPLICATE_METHOD_MATCH = YES;
				COPY_PHASE_STRIP = NO;
				DEBUG_INFORMATION_FORMAT = "dwarf-with-dsym";
				ENABLE_NS_ASSERTIONS = NO;
				ENABLE_STRICT_OBJC_MSGSEND = YES;
				GCC_C_LANGUAGE_STANDARD = gnu11;
				GCC_NO_COMMON_BLOCKS = YES;
				GCC_WARN_64_TO_32_BIT_CONVERSION = YES;
				GCC_WARN_ABOUT_RETURN_TYPE = YES_ERROR;
				GCC_WARN_UNDECLARED_SELECTOR = YES;
				GCC_WARN_UNINITIALIZED_AUTOS = YES_AGGRESSIVE;
				GCC_WARN_UNUSED_FUNCTION = YES;
				GCC_WARN_UNUSED_VARIABLE = YES;
				IPHONEOS_DEPLOYMENT_TARGET = 13.2;
				MTL_ENABLE_DEBUG_INFO = NO;
				MTL_FAST_MATH = YES;
				SDKROOT = iphoneos;
				SWIFT_COMPILATION_MODE = wholemodule;
				SWIFT_OPTIMIZATION_LEVEL = "-O";
				VALIDATE_PRODUCT = YES;
			};
			name = Release;
		};
		2391DF4323BB061F00E50E3F /* Debug */ = {
			isa = XCBuildConfiguration;
			buildSettings = {
				ASSETCATALOG_COMPILER_APPICON_NAME = AppIcon;
				CODE_SIGN_STYLE = Automatic;
				INFOPLIST_FILE = Assignment1/Info.plist;
				LD_RUNPATH_SEARCH_PATHS = (
					"$(inherited)",
					"@executable_path/Frameworks",
				);
				PRODUCT_BUNDLE_IDENTIFIER = lin.Assignment1;
				PRODUCT_NAME = "$(TARGET_NAME)";
				SWIFT_VERSION = 5.0;
				TARGETED_DEVICE_FAMILY = "1,2";
			};
			name = Debug;
		};
		2391DF4423BB061F00E50E3F /* Release */ = {
			isa = XCBuildConfiguration;
			buildSettings = {
				ASSETCATALOG_COMPILER_APPICON_NAME = AppIcon;
				CODE_SIGN_STYLE = Automatic;
				INFOPLIST_FILE = Assignment1/Info.plist;
				LD_RUNPATH_SEARCH_PATHS = (
					"$(inherited)",
					"@executable_path/Frameworks",
				);
				PRODUCT_BUNDLE_IDENTIFIER = lin.Assignment1;
				PRODUCT_NAME = "$(TARGET_NAME)";
				SWIFT_VERSION = 5.0;
				TARGETED_DEVICE_FAMILY = "1,2";
			};
			name = Release;
		};
		2391DF4623BB061F00E50E3F /* Debug */ = {
			isa = XCBuildConfiguration;
			buildSettings = {
				ALWAYS_EMBED_SWIFT_STANDARD_LIBRARIES = YES;
				BUNDLE_LOADER = "$(TEST_HOST)";
				CODE_SIGN_STYLE = Automatic;
				INFOPLIST_FILE = Assignment1Tests/Info.plist;
				IPHONEOS_DEPLOYMENT_TARGET = 13.2;
				LD_RUNPATH_SEARCH_PATHS = (
					"$(inherited)",
					"@executable_path/Frameworks",
					"@loader_path/Frameworks",
				);
				PRODUCT_BUNDLE_IDENTIFIER = lin.Assignment1Tests;
				PRODUCT_NAME = "$(TARGET_NAME)";
				SWIFT_VERSION = 5.0;
				TARGETED_DEVICE_FAMILY = "1,2";
				TEST_HOST = "$(BUILT_PRODUCTS_DIR)/Assignment1.app/Assignment1";
			};
			name = Debug;
		};
		2391DF4723BB061F00E50E3F /* Release */ = {
			isa = XCBuildConfiguration;
			buildSettings = {
				ALWAYS_EMBED_SWIFT_STANDARD_LIBRARIES = YES;
				BUNDLE_LOADER = "$(TEST_HOST)";
				CODE_SIGN_STYLE = Automatic;
				INFOPLIST_FILE = Assignment1Tests/Info.plist;
				IPHONEOS_DEPLOYMENT_TARGET = 13.2;
				LD_RUNPATH_SEARCH_PATHS = (
					"$(inherited)",
					"@executable_path/Frameworks",
					"@loader_path/Frameworks",
				);
				PRODUCT_BUNDLE_IDENTIFIER = lin.Assignment1Tests;
				PRODUCT_NAME = "$(TARGET_NAME)";
				SWIFT_VERSION = 5.0;
				TARGETED_DEVICE_FAMILY = "1,2";
				TEST_HOST = "$(BUILT_PRODUCTS_DIR)/Assignment1.app/Assignment1";
			};
			name = Release;
		};
		2391DF4923BB061F00E50E3F /* Debug */ = {
			isa = XCBuildConfiguration;
			buildSettings = {
				ALWAYS_EMBED_SWIFT_STANDARD_LIBRARIES = YES;
				CODE_SIGN_STYLE = Automatic;
				INFOPLIST_FILE = Assignment1UITests/Info.plist;
				LD_RUNPATH_SEARCH_PATHS = (
					"$(inherited)",
					"@executable_path/Frameworks",
					"@loader_path/Frameworks",
				);
				PRODUCT_BUNDLE_IDENTIFIER = lin.Assignment1UITests;
				PRODUCT_NAME = "$(TARGET_NAME)";
				SWIFT_VERSION = 5.0;
				TARGETED_DEVICE_FAMILY = "1,2";
				TEST_TARGET_NAME = Assignment1;
			};
			name = Debug;
		};
		2391DF4A23BB061F00E50E3F /* Release */ = {
			isa = XCBuildConfiguration;
			buildSettings = {
				ALWAYS_EMBED_SWIFT_STANDARD_LIBRARIES = YES;
				CODE_SIGN_STYLE = Automatic;
				INFOPLIST_FILE = Assignment1UITests/Info.plist;
				LD_RUNPATH_SEARCH_PATHS = (
					"$(inherited)",
					"@executable_path/Frameworks",
					"@loader_path/Frameworks",
				);
				PRODUCT_BUNDLE_IDENTIFIER = lin.Assignment1UITests;
				PRODUCT_NAME = "$(TARGET_NAME)";
				SWIFT_VERSION = 5.0;
				TARGETED_DEVICE_FAMILY = "1,2";
				TEST_TARGET_NAME = Assignment1;
			};
			name = Release;
		};
/* End XCBuildConfiguration section */

/* Begin XCConfigurationList section */
		2391DF1323BB061E00E50E3F /* Build configuration list for PBXProject "Assignment1" */ = {
			isa = XCConfigurationList;
			buildConfigurations = (
				2391DF4023BB061F00E50E3F /* Debug */,
				2391DF4123BB061F00E50E3F /* Release */,
			);
			defaultConfigurationIsVisible = 0;
			defaultConfigurationName = Release;
		};
		2391DF4223BB061F00E50E3F /* Build configuration list for PBXNativeTarget "Assignment1" */ = {
			isa = XCConfigurationList;
			buildConfigurations = (
				2391DF4323BB061F00E50E3F /* Debug */,
				2391DF4423BB061F00E50E3F /* Release */,
			);
			defaultConfigurationIsVisible = 0;
			defaultConfigurationName = Release;
		};
		2391DF4523BB061F00E50E3F /* Build configuration list for PBXNativeTarget "Assignment1Tests" */ = {
			isa = XCConfigurationList;
			buildConfigurations = (
				2391DF4623BB061F00E50E3F /* Debug */,
				2391DF4723BB061F00E50E3F /* Release */,
			);
			defaultConfigurationIsVisible = 0;
			defaultConfigurationName = Release;
		};
		2391DF4823BB061F00E50E3F /* Build configuration list for PBXNativeTarget "Assignment1UITests" */ = {
			isa = XCConfigurationList;
			buildConfigurations = (
				2391DF4923BB061F00E50E3F /* Debug */,
				2391DF4A23BB061F00E50E3F /* Release */,
			);
			defaultConfigurationIsVisible = 0;
			defaultConfigurationName = Release;
		};
/* End XCConfigurationList section */
	};
	rootObject = 2391DF1023BB061E00E50E3F /* Project object */;
}
